
Microsoft Visual Studio Solution File, Format Version 12.00
# Visual Studio Version 17
VisualStudioVersion = 17.0.32014.148
MinimumVisualStudioVersion = 10.0.40219.1
Project("{FAE04EC0-301F-11D3-BF4B-00C04F79EFBC}") = "Grocery", "Grocery\Grocery.csproj", "{FD7EDBCE-26D4-4B6D-A9D1-9BE1DC71160C}"
EndProject
Global
	GlobalSection(SolutionConfigurationPlatforms) = preSolution
		Debug|Any CPU = Debug|Any CPU
		Release|Any CPU = Release|Any CPU
	EndGlobalSection
	GlobalSection(ProjectConfigurationPlatforms) = postSolution
		{FD7EDBCE-26D4-4B6D-A9D1-9BE1DC71160C}.Debug|Any CPU.ActiveCfg = Debug|Any CPU
		{FD7EDBCE-26D4-4B6D-A9D1-9BE1DC71160C}.Debug|Any CPU.Build.0 = Debug|Any CPU
		{FD7EDBCE-26D4-4B6D-A9D1-9BE1DC71160C}.Release|Any CPU.ActiveCfg = Release|Any CPU
		{FD7EDBCE-26D4-4B6D-A9D1-9BE1DC71160C}.Release|Any CPU.Build.0 = Release|Any CPU
	EndGlobalSection
	GlobalSection(SolutionProperties) = preSolution
		HideSolutionNode = FALSE
	EndGlobalSection
	GlobalSection(ExtensibilityGlobals) = postSolution
		SolutionGuid = {0D279FEB-CC18-4545-B105-4B75686E47B0}
	EndGlobalSection
EndGlobal
